
Microsoft Visual Studio Solution File, Format Version 12.00
# Visual Studio Version 17
VisualStudioVersion = 17.2.32505.173
MinimumVisualStudioVersion = 10.0.40219.1
Project("{9A19103F-16F7-4668-BE54-9A1E7A4F7556}") = "BookStore.API", "src\BookStore.API\BookStore.API.csproj", "{830C57FF-0088-4612-8B4E-184D0CE7EFE1}"
EndProject
Project("{FAE04EC0-301F-11D3-BF4B-00C04F79EFBC}") = "BookStore.Infrastructure", "src\BookStore.Infrastructure\BookStore.Infrastructure.csproj", "{B0F92CC0-3F73-47B8-AB8E-1EA8E7F53DDE}"
EndProject
Project("{FAE04EC0-301F-11D3-BF4B-00C04F79EFBC}") = "BookStore.Domain", "src\BookStore.Domain\BookStore.Domain.csproj", "{56131DA9-AEE8-401D-9353-7F871EE68DD3}"
EndProject
Project("{2150E333-8FDC-42A3-9474-1A3956D46DE8}") = "Tests", "Tests", "{83C6C971-AFED-48F1-B3B6-6ABD552109A2}"
EndProject
Global
	GlobalSection(SolutionConfigurationPlatforms) = preSolution
		Debug|Any CPU = Debug|Any CPU
		Release|Any CPU = Release|Any CPU
	EndGlobalSection
	GlobalSection(ProjectConfigurationPlatforms) = postSolution
		{830C57FF-0088-4612-8B4E-184D0CE7EFE1}.Debug|Any CPU.ActiveCfg = Debug|Any CPU
		{830C57FF-0088-4612-8B4E-184D0CE7EFE1}.Debug|Any CPU.Build.0 = Debug|Any CPU
		{830C57FF-0088-4612-8B4E-184D0CE7EFE1}.Release|Any CPU.ActiveCfg = Release|Any CPU
		{830C57FF-0088-4612-8B4E-184D0CE7EFE1}.Release|Any CPU.Build.0 = Release|Any CPU
		{B0F92CC0-3F73-47B8-AB8E-1EA8E7F53DDE}.Debug|Any CPU.ActiveCfg = Debug|Any CPU
		{B0F92CC0-3F73-47B8-AB8E-1EA8E7F53DDE}.Debug|Any CPU.Build.0 = Debug|Any CPU
		{B0F92CC0-3F73-47B8-AB8E-1EA8E7F53DDE}.Release|Any CPU.ActiveCfg = Release|Any CPU
		{B0F92CC0-3F73-47B8-AB8E-1EA8E7F53DDE}.Release|Any CPU.Build.0 = Release|Any CPU
		{56131DA9-AEE8-401D-9353-7F871EE68DD3}.Debug|Any CPU.ActiveCfg = Debug|Any CPU
		{56131DA9-AEE8-401D-9353-7F871EE68DD3}.Debug|Any CPU.Build.0 = Debug|Any CPU
		{56131DA9-AEE8-401D-9353-7F871EE68DD3}.Release|Any CPU.ActiveCfg = Release|Any CPU
		{56131DA9-AEE8-401D-9353-7F871EE68DD3}.Release|Any CPU.Build.0 = Release|Any CPU
	EndGlobalSection
	GlobalSection(SolutionProperties) = preSolution
		HideSolutionNode = FALSE
	EndGlobalSection
	GlobalSection(ExtensibilityGlobals) = postSolution
		SolutionGuid = {67207FDB-40BA-4718-95DC-78539A9EB6E6}
	EndGlobalSection
EndGlobal
